github.com/Motmedel/ecs_go v0.0.62 h1:zoS2l556+tDVd635T7OfP4JLVyA8mrfReaDOA9FyxvQ=
github.com/Motmedel/ecs_go v0.0.62/go.mod h1:UwZhGtHYOtPrJ22s5hQTDpTbDPq9m+vfHItb8t++QKw=
github.com/Motmedel/parsing_utils v0.0.3 h1:DUXFrhMTEK5tfYsH0PQkjzRdS/yNvEs1YJ3k4tnG/2A=
github.com/Motmedel/parsing_utils v0.0.3/go.mod h1:OhJqcl0rC5n8tdOaNuKlcAYe2yyUqodhoybdXtUn6Co=
github.com/Motmedel/utils_go v0.0.203 h1:GDLWkz7cAS4iYenexQqFElR5A79Q7P7rR1nH37PaRTw=
github.com/Motmedel/utils_go v0.0.203/go.mod h1:kKm8jM7GA8M7ICIImi5etOMixRgQfnStBPjEoCMTgbg=
github.com/Motmedel/utils_go/pkg/http/mux v0.0.68 h1:6r1W424hNMQ661MUWs4OWcKa1bcdZUImWa1+80bdBGM=
github.com/Motmedel/utils_go/pkg/http/mux v0.0.68/go.mod h1:CKtPPIlYxNPQXK9HNDWWFuiIedKUUgnb3GMop6o64ds=
github.com/Motmedel/utils_go/pkg/http/parsing/headers v0.0.22 h1:yXJ/4APVhPL/UyGqreMQ4XXzz/YzZTS48ZIMlelj8pA=
github.com/Motmedel/utils_go/pkg/http/parsing/headers v0.0.22/go.mod h1:i42F/+F9BmGGoEY6dgj5Dp0lGcTpBOzKZ4+ikkQS7bE=
github.com/Motmedel/utils_go/pkg/http/problem_detail v1.0.4 h1:FFISPMIc2zf8ZoF2uPYlGiH6A5WrK+8n9lD5dIlvTTo=
github.com/Motmedel/utils_go/pkg/http/problem_detail v1.0.4/go.mod h1:+IxGCG8j1RnwKAKVja/lF6TPDWuWIKbrTLnDPeEkQy8=
github.com/Motmedel/utils_go/pkg/net/domain_breakdown v0.0.4 h1:HKnAihmiXayMLJpTLHcZ+CDZwzm/gtHbG0O2z/Ula1I=
github.com/Motmedel/utils_go/pkg/net/domain_breakdown v0.0.4/go.mod h1:9+oW16JZtqHOcJxe1J6BCZOtFFTi1a60LCESRZBq+Rg=
github.com/davecgh/go-spew v1.1.1 h1:vj9j/u1bqnvCEfJOwUhtlOARqs3+rkHYY13jYWTU97c=
github.com/davecgh/go-spew v1.1.1/go.mod h1:J7Y8YcW2NihsgmVo/mv3lAwl/skON4iLHjSsI+c5H38=
github.com/gammazero/deque v1.0.0 h1:LTmimT8H7bXkkCy6gZX7zNLtkbz4NdS2z8LZuor3j34=
github.com/gammazero/deque v1.0.0/go.mod h1:iflpYvtGfM3U8S8j+sZEKIak3SAKYpA5/SQewgfXDKo=
github.com/google/go-cmp v0.7.0 h1:wk8382ETsv4JYUZwIsn6YpYiWiBsYLSJiTsyBybVuN8=
github.com/google/go-cmp v0.7.0/go.mod h1:pXiqmnSA92OHEEa9HXL2W4E7lf9JzCmGVUdgjX3N/iU=
github.com/google/uuid v1.6.0 h1:NIvaJDMOsjHA8n1jAhLSgzrAzy1Hgr+hNrb57e+94F0=
github.com/google/uuid v1.6.0/go.mod h1:TIyPZe4MgqvfeYDBFedMoGGpEw/LqOeaOT+nhxU+yHo=
github.com/pandatix/go-abnf v0.1.7 h1:/Ru0e9PWhDJbBg0dxuF6GK/+hMBt8/nvYu0ne8q9EFo=
github.com/pandatix/go-abnf v0.1.7/go.mod h1:dv/sWix/t0zGI/gmXwnDrAkpS1pGGqXfoYSwknM4uwQ=
github.com/pmezard/go-difflib v1.0.0 h1:4DBwDE0NGyQoBHbLQYPwSUPoCMWR5BEzIk/f1lZbAQM=
github.com/pmezard/go-difflib v1.0.0/go.mod h1:iKH77koFhYxTK1pcRnkKkqfTogsbg7gZNVY4sRDYZ/4=
github.com/stretchr/testify v1.10.0 h1:Xv5erBjTwe/5IxqUQTdXv5kgmIvbHo3QQyRwhJsOfJA=
github.com/stretchr/testify v1.10.0/go.mod h1:r2ic/lqez/lEtzL7wO/rwa5dbSLXVDPFyf8C91i36aY=
golang.org/x/net v0.35.0 h1:T5GQRQb2y08kTAByq9L4/bz8cipCdA8FbRTXewonqY8=
golang.org/x/net v0.35.0/go.mod h1:EglIi67kWsHKlRzzVMUD93VMSWGFOMSZgxFjparz1Qk=
gopkg.in/yaml.v3 v3.0.1 h1:fxVm/GzAzEWqLHuvctI91KS9hhNmmWOoWu0XTYJS7CA=
gopkg.in/yaml.v3 v3.0.1/go.mod h1:K4uyk7z7BCEPqu6E+C64Yfv1cQ7kz7rIZviUmN+EgEM=
