github.com/Motmedel/parsing_utils v0.0.6 h1:4JXg7ngyTuGb5klVb8coFac3Fi1yUDgQn6vvq9lWnig=
github.com/Motmedel/parsing_utils v0.0.6/go.mod h1:lfPAtBuW+vvW6htr800C7jxVSDl3p2YuQcH4NLZR85o=
github.com/Motmedel/utils_go v0.0.463 h1:VbixvtTSat/1KHzgYWK08+a1CShVsiHGZBbAKg50aK8=
github.com/Motmedel/utils_go v0.0.463/go.mod h1:st9wrD7tyw4AM64tOD7rs0vO7tMxmXQC1Apm48B+4Q4=
github.com/Motmedel/utils_go/pkg/http/mux v0.0.184 h1:+vFWBFMlLpz7F19LRGYjQDk8lrjMl9Bs8oJnntxBw38=
github.com/Motmedel/utils_go/pkg/http/mux v0.0.184/go.mod h1:DH2V1jr/cicQl31A5qkHLd8A/bYPpmWABtyQlnNtmoU=
github.com/Motmedel/utils_go/pkg/http/parsing/headers v0.0.37 h1:K0B7NKZgHN7VKKR4mRJTr5hudqFxHix2/e5fff08928=
github.com/Motmedel/utils_go/pkg/http/parsing/headers v0.0.37/go.mod h1:+ULBRVi6f6r+nDasZifhEnTRxKF15zH9dLN0rxuco/I=
github.com/davecgh/go-spew v1.1.1 h1:vj9j/u1bqnvCEfJOwUhtlOARqs3+rkHYY13jYWTU97c=
github.com/davecgh/go-spew v1.1.1/go.mod h1:J7Y8YcW2NihsgmVo/mv3lAwl/skON4iLHjSsI+c5H38=
github.com/google/go-cmp v0.7.0 h1:wk8382ETsv4JYUZwIsn6YpYiWiBsYLSJiTsyBybVuN8=
github.com/google/go-cmp v0.7.0/go.mod h1:pXiqmnSA92OHEEa9HXL2W4E7lf9JzCmGVUdgjX3N/iU=
github.com/hashicorp/go-uuid v1.0.3 h1:2gKiV6YVmrJ1i2CKKa9obLvRieoRGviZFL26PcT/Co8=
github.com/hashicorp/go-uuid v1.0.3/go.mod h1:6SBZvOh/SIDV7/2o3Jml5SYk/TvGqwFJ/bN7x4byOro=
github.com/pandatix/go-abnf v0.4.1 h1:IG6CwAkMi+r7KKMHnY0yXIMbxL1h7qOYih8Txy1F4Hs=
github.com/pandatix/go-abnf v0.4.1/go.mod h1:tk1wuyudYVbz8j9YAShvNzuWkSzrAwPhKITbqR0+TlE=
github.com/pmezard/go-difflib v1.0.0 h1:4DBwDE0NGyQoBHbLQYPwSUPoCMWR5BEzIk/f1lZbAQM=
github.com/pmezard/go-difflib v1.0.0/go.mod h1:iKH77koFhYxTK1pcRnkKkqfTogsbg7gZNVY4sRDYZ/4=
github.com/stretchr/testify v1.11.1 h1:7s2iGBzp5EwR7/aIZr8ao5+dra3wiQyKjjFuvgVKu7U=
github.com/stretchr/testify v1.11.1/go.mod h1:wZwfW3scLgRK+23gO65QZefKpKQRnfz6sD981Nm4B6U=
golang.org/x/sync v0.19.0 h1:vV+1eWNmZ5geRlYjzm2adRgW2/mcpevXNg50YZtPCE4=
golang.org/x/sync v0.19.0/go.mod h1:9KTHXmSnoGruLpwFjVSX0lNNA75CykiMECbovNTZqGI=
gopkg.in/yaml.v3 v3.0.1 h1:fxVm/GzAzEWqLHuvctI91KS9hhNmmWOoWu0XTYJS7CA=
gopkg.in/yaml.v3 v3.0.1/go.mod h1:K4uyk7z7BCEPqu6E+C64Yfv1cQ7kz7rIZviUmN+EgEM=
